[[package]]
name = "astroid"
version = "2.15.8"
description = "An abstract syntax tree for Python with inference support."
category = "dev"
optional = false
python-versions = ">=3.7.2"

[package.dependencies]
lazy-object-proxy = ">=1.4.0"
typing-extensions = {version = ">=4.0.0", markers = "python_version < \"3.11\""}
wrapt = [
    {version = ">=1.11,<2", markers = "python_version < \"3.11\""},
    {version = ">=1.14,<2", markers = "python_version >= \"3.11\""},
]

[[package]]
name = "attrs"
version = "23.2.0"
description = "Classes Without Boilerplate"
category = "dev"
optional = false
python-versions = ">=3.7"

[package.extras]
cov = ["attrs", "coverage[toml] (>=5.3)"]
dev = ["attrs", "pre-commit"]
docs = ["furo", "myst-parser", "sphinx", "sphinx-notfound-page", "sphinxcontrib-towncrier", "towncrier", "zope-interface"]
tests = ["attrs", "zope-interface"]
tests-mypy = ["mypy (>=1.6)", "pytest-mypy-plugins"]
tests-no-zope = ["attrs", "cloudpickle", "hypothesis", "pympler", "pytest-xdist", "pytest (>=4.3.0)"]

[[package]]
name = "black"
version = "23.12.1"
description = "The uncompromising code formatter."
category = "dev"
optional = false
python-versions = ">=3.8"

[package.dependencies]
click = ">=8.0.0"
mypy-extensions = ">=0.4.3"
packaging = ">=22.0"
pathspec = ">=0.9.0"
platformdirs = ">=2"
tomli = {version = ">=1.1.0", markers = "python_version < \"3.11\""}
typing-extensions = {version = ">=4.0.1", markers = "python_version < \"3.11\""}

[package.extras]
colorama = ["colorama (>=0.4.3)"]
d = ["aiohttp (>=3.7.4,!=3.9.0)", "aiohttp (>=3.7.4)"]
jupyter = ["ipython (>=7.8.0)", "tokenize-rt (>=3.2.0)"]
uvloop = ["uvloop (>=0.15.2)"]

[[package]]
name = "build"
version = "0.10.0"
description = "A simple, correct Python build frontend"
category = "dev"
optional = false
python-versions = ">= 3.7"

[package.dependencies]
colorama = {version = "*", markers = "os_name == \"nt\""}
packaging = ">=19.0"
pyproject_hooks = "*"
tomli = {version = ">=1.1.0", markers = "python_version < \"3.11\""}

[package.extras]
test = ["pytest (>=6.2.4)", "filelock (>=3)", "pytest-cov (>=2.12)", "pytest-mock (>=2)", "pytest-rerunfailures (>=9.1)", "pytest-xdist (>=1.34)", "toml (>=0.10.0)", "wheel (>=0.36.0)", "setuptools (>=42.0.0)", "setuptools (>=56.0.0)"]
docs = ["furo (>=2021.08.31)", "sphinx (>=4.0,<5.0)", "sphinx-argparse-cli (>=1.5)", "sphinx-autodoc-typehints (>=1.10)"]
typing = ["importlib-metadata (>=5.1)", "mypy (==0.991)", "tomli", "typing-extensions (>=3.7.4.3)"]
virtualenv = ["virtualenv (>=20.0.35)"]

[[package]]
name = "cachecontrol"
version = "0.12.14"
description = "httplib2 caching for requests"
category = "dev"
optional = false
python-versions = ">=3.6"

[package.dependencies]
lockfile = {version = ">=0.9", optional = true, markers = "extra == \"filecache\""}
msgpack = ">=0.5.2"
requests = "*"

[package.extras]
filecache = ["lockfile (>=0.9)"]
redis = ["redis (>=2.10.5)"]

[[package]]
name = "certifi"
version = "2024.2.2"
description = "Python package for providing Mozilla's CA Bundle."
category = "dev"
optional = false
python-versions = ">=3.6"

[[package]]
name = "cffi"
version = "1.16.0"
description = "Foreign Function Interface for Python calling C code."
category = "dev"
optional = false
python-versions = ">=3.8"

[package.dependencies]
pycparser = "*"

[[package]]
name = "charset-normalizer"
version = "3.3.2"
description = "The Real First Universal Charset Detector. Open, modern and actively maintained alternative to Chardet."
category = "dev"
optional = false
python-versions = ">=3.7.0"

[[package]]
name = "cleo"
version = "2.1.0"
description = "Cleo allows you to create beautiful and testable command-line interfaces."
category = "dev"
optional = false
python-versions = ">=3.7,<4.0"

[package.dependencies]
crashtest = ">=0.4.1,<0.5.0"
rapidfuzz = ">=3.0.0,<4.0.0"

[[package]]
name = "click"
version = "8.1.7"
description = "Composable command line interface toolkit"
category = "dev"
optional = false
python-versions = ">=3.7"

[package.dependencies]
colorama = {version = "*", markers = "platform_system == \"Windows\""}

[[package]]
name = "colorama"
version = "0.4.6"
description = "Cross-platform colored terminal text."
category = "dev"
optional = false
python-versions = "!=3.0.*,!=3.1.*,!=3.2.*,!=3.3.*,!=3.4.*,!=3.5.*,!=3.6.*,>=2.7"

[[package]]
name = "crashtest"
version = "0.4.1"
description = "Manage Python errors with ease"
category = "dev"
optional = false
python-versions = ">=3.7,<4.0"

[[package]]
name = "cryptography"
version = "42.0.5"
description = "cryptography is a package which provides cryptographic recipes and primitives to Python developers."
category = "dev"
optional = false
python-versions = ">=3.7"

[package.dependencies]
cffi = {version = ">=1.12", markers = "platform_python_implementation != \"PyPy\""}

[package.extras]
docs = ["sphinx (>=5.3.0)", "sphinx-rtd-theme (>=1.1.1)"]
docstest = ["pyenchant (>=1.6.11)", "readme-renderer", "sphinxcontrib-spelling (>=4.0.1)"]
nox = ["nox"]
pep8test = ["ruff", "mypy", "check-sdist", "click"]
sdist = ["build"]
ssh = ["bcrypt (>=3.1.5)"]
test = ["pytest (>=6.2.0)", "pytest-benchmark", "pytest-cov", "pytest-xdist", "pretend", "certifi"]
test-randomorder = ["pytest-randomly"]

[[package]]
name = "dill"
version = "0.3.8"
description = "serialize all of Python"
category = "dev"
optional = false
python-versions = ">=3.8"

[package.extras]
graph = ["objgraph (>=1.7.2)"]
profile = ["gprof2dot (>=2022.7.29)"]

[[package]]
name = "distlib"
version = "0.3.8"
description = "Distribution utilities"
category = "dev"
optional = false
python-versions = "*"

[[package]]
name = "dulwich"
version = "0.21.7"
description = "Python Git Library"
category = "dev"
optional = false
python-versions = ">=3.7"

[package.dependencies]
urllib3 = ">=1.25"

[package.extras]
fastimport = ["fastimport"]
https = ["urllib3 (>=1.24.1)"]
paramiko = ["paramiko"]
pgp = ["gpg"]

[[package]]
name = "exceptiongroup"
version = "1.2.0"
description = "Backport of PEP 654 (exception groups)"
category = "dev"
optional = false
python-versions = ">=3.7"

[package.extras]
test = ["pytest (>=6)"]

[[package]]
name = "filelock"
version = "3.13.3"
description = "A platform independent file lock."
category = "dev"
optional = false
python-versions = ">=3.8"

[package.extras]
docs = ["furo (>=2023.9.10)", "sphinx-autodoc-typehints (>=1.25.2)", "sphinx (>=7.2.6)"]
testing = ["covdefaults (>=2.3)", "coverage (>=7.3.2)", "diff-cover (>=8.0.1)", "pytest-cov (>=4.1)", "pytest-mock (>=3.12)", "pytest-timeout (>=2.2)", "pytest (>=7.4.3)"]
typing = ["typing-extensions (>=4.8)"]

[[package]]
name = "flake8"
version = "3.9.2"
description = "the modular source code checker: pep8 pyflakes and co"
category = "dev"
optional = false
python-versions = "!=3.0.*,!=3.1.*,!=3.2.*,!=3.3.*,!=3.4.*,>=2.7"

[package.dependencies]
mccabe = ">=0.6.0,<0.7.0"
pycodestyle = ">=2.7.0,<2.8.0"
pyflakes = ">=2.3.0,<2.4.0"

[[package]]
name = "html5lib"
version = "1.1"
description = "HTML parser based on the WHATWG HTML specification"
category = "dev"
optional = false
python-versions = ">=2.7, !=3.0.*, !=3.1.*, !=3.2.*, !=3.3.*, !=3.4.*"

[package.dependencies]
six = ">=1.9"
webencodings = "*"

[package.extras]
all = ["genshi", "chardet (>=2.2)", "lxml"]
chardet = ["chardet (>=2.2)"]
genshi = ["genshi"]
lxml = ["lxml"]

[[package]]
name = "idna"
version = "3.6"
description = "Internationalized Domain Names in Applications (IDNA)"
category = "dev"
optional = false
python-versions = ">=3.5"

[[package]]
name = "importlib-metadata"
version = "7.1.0"
description = "Read metadata from Python packages"
category = "dev"
optional = false
python-versions = ">=3.8"

[package.dependencies]
zipp = ">=0.5"

[package.extras]
docs = ["sphinx (>=3.5)", "jaraco.packaging (>=9.3)", "rst.linker (>=1.9)", "furo", "sphinx-lint", "jaraco.tidelift (>=1.4)"]
perf = ["ipython"]
testing = ["pytest (>=6)", "pytest-checkdocs (>=2.4)", "pytest-cov", "pytest-enabler (>=2.2)", "pytest-ruff (>=0.2.1)", "packaging", "pyfakefs", "flufl.flake8", "pytest-perf (>=0.9.2)", "jaraco.test (>=5.4)", "pytest-mypy", "importlib-resources (>=1.3)"]

[[package]]
name = "iniconfig"
version = "2.0.0"
description = "brain-dead simple config-ini parsing"
category = "dev"
optional = false
python-versions = ">=3.7"

[[package]]
name = "installer"
version = "0.7.0"
description = "A library for installing Python wheels."
category = "dev"
optional = false
python-versions = ">=3.7"

[[package]]
name = "isort"
version = "5.13.2"
description = "A Python utility / library to sort Python imports."
category = "dev"
optional = false
python-versions = ">=3.8.0"

[package.extras]
colors = ["colorama (>=0.4.6)"]

[[package]]
name = "jaraco.classes"
version = "3.4.0"
description = "Utility functions for Python class constructs"
category = "dev"
optional = false
python-versions = ">=3.8"

[package.dependencies]
more-itertools = "*"

[package.extras]
docs = ["sphinx (>=3.5)", "jaraco.packaging (>=9.3)", "rst.linker (>=1.9)", "furo", "sphinx-lint", "jaraco.tidelift (>=1.4)"]
testing = ["pytest (>=6)", "pytest-checkdocs (>=2.4)", "pytest-cov", "pytest-mypy", "pytest-enabler (>=2.2)", "pytest-ruff (>=0.2.1)"]

[[package]]
name = "jeepney"
version = "0.8.0"
description = "Low-level, pure Python DBus protocol wrapper."
category = "dev"
optional = false
python-versions = ">=3.7"

[package.extras]
test = ["pytest", "pytest-trio", "pytest-asyncio (>=0.17)", "testpath", "trio", "async-timeout"]
trio = ["trio", "async-generator"]

[[package]]
name = "jsonschema"
version = "4.21.1"
description = "An implementation of JSON Schema validation for Python"
category = "dev"
optional = false
python-versions = ">=3.8"

[package.dependencies]
attrs = ">=22.2.0"
jsonschema-specifications = ">=2023.03.6"
referencing = ">=0.28.4"
rpds-py = ">=0.7.1"

[package.extras]
format = ["fqdn", "idna", "isoduration", "jsonpointer (>1.13)", "rfc3339-validator", "rfc3987", "uri-template", "webcolors (>=1.11)"]
format-nongpl = ["fqdn", "idna", "isoduration", "jsonpointer (>1.13)", "rfc3339-validator", "rfc3986-validator (>0.1.0)", "uri-template", "webcolors (>=1.11)"]

[[package]]
name = "jsonschema-specifications"
version = "2023.12.1"
description = "The JSON Schema meta-schemas and vocabularies, exposed as a Registry"
category = "dev"
optional = false
python-versions = ">=3.8"

[package.dependencies]
referencing = ">=0.31.0"

[[package]]
name = "keyring"
version = "23.13.1"
description = "Store and access your passwords safely."
category = "dev"
optional = false
python-versions = ">=3.7"

[package.dependencies]
importlib-metadata = {version = ">=4.11.4", markers = "python_version < \"3.12\""}
"jaraco.classes" = "*"
jeepney = {version = ">=0.4.2", markers = "sys_platform == \"linux\""}
pywin32-ctypes = {version = ">=0.2.0", markers = "sys_platform == \"win32\""}
SecretStorage = {version = ">=3.2", markers = "sys_platform == \"linux\""}

[package.extras]
completion = ["shtab"]
docs = ["sphinx (>=3.5)", "jaraco.packaging (>=9)", "rst.linker (>=1.9)", "furo", "jaraco.tidelift (>=1.4)"]
testing = ["pytest (>=6)", "pytest-checkdocs (>=2.4)", "flake8 (<5)", "pytest-cov", "pytest-enabler (>=1.3)", "pytest-black (>=0.3.7)", "pytest-mypy (>=0.9.1)", "pytest-flake8"]

[[package]]
name = "lazy-object-proxy"
version = "1.10.0"
description = "A fast and thorough lazy object proxy."
category = "dev"
optional = false
python-versions = ">=3.8"

[[package]]
name = "lockfile"
version = "0.12.2"
description = "Platform-independent file locking module"
category = "dev"
optional = false
python-versions = "*"

[[package]]
name = "mccabe"
version = "0.6.1"
description = "McCabe checker, plugin for flake8"
category = "dev"
optional = false
python-versions = "*"

[[package]]
name = "more-itertools"
version = "10.2.0"
description = "More routines for operating on iterables, beyond itertools"
category = "dev"
optional = false
python-versions = ">=3.8"

[[package]]
name = "msgpack"
version = "1.0.8"
description = "MessagePack serializer"
category = "dev"
optional = false
python-versions = ">=3.8"

[[package]]
name = "mypy-extensions"
version = "1.0.0"
description = "Type system extensions for programs checked with the mypy type checker."
category = "dev"
optional = false
python-versions = ">=3.5"

[[package]]
name = "packaging"
version = "24.0"
description = "Core utilities for Python packages"
category = "dev"
optional = false
python-versions = ">=3.7"

[[package]]
name = "pathspec"
version = "0.12.1"
description = "Utility library for gitignore style pattern matching of file paths."
category = "dev"
optional = false
python-versions = ">=3.8"

[[package]]
name = "pexpect"
version = "4.9.0"
description = "Pexpect allows easy control of interactive console applications."
category = "dev"
optional = false
python-versions = "*"

[package.dependencies]
ptyprocess = ">=0.5"

[[package]]
name = "pkginfo"
version = "1.10.0"
description = "Query metadata from sdists / bdists / installed packages."
category = "dev"
optional = false
python-versions = ">=3.6"

[package.extras]
testing = ["pytest", "pytest-cov", "wheel"]

[[package]]
name = "platformdirs"
version = "2.6.2"
description = "A small Python package for determining appropriate platform-specific dirs, e.g. a \"user data dir\"."
category = "dev"
optional = false
python-versions = ">=3.7"

[package.extras]
docs = ["furo (>=2022.12.7)", "proselint (>=0.13)", "sphinx-autodoc-typehints (>=1.19.5)", "sphinx (>=5.3)"]
test = ["appdirs (==1.4.4)", "covdefaults (>=2.2.2)", "pytest-cov (>=4)", "pytest-mock (>=3.10)", "pytest (>=7.2)"]

[[package]]
name = "pluggy"
version = "1.4.0"
description = "plugin and hook calling mechanisms for python"
category = "dev"
optional = false
python-versions = ">=3.8"

[package.extras]
dev = ["pre-commit", "tox"]
testing = ["pytest", "pytest-benchmark"]

[[package]]
name = "poetry"
version = "1.4.1"
description = "Python dependency management and packaging made easy."
category = "dev"
optional = false
python-versions = ">=3.7,<4.0"

[package.dependencies]
build = ">=0.10.0,<0.11.0"
cachecontrol = {version = ">=0.12.9,<0.13.0", extras = ["filecache"]}
cleo = ">=2.0.0,<3.0.0"
crashtest = ">=0.4.1,<0.5.0"
dulwich = ">=0.21.2,<0.22.0"
filelock = ">=3.8.0,<4.0.0"
html5lib = ">=1.0,<2.0"
importlib-metadata = {version = ">=4.4", markers = "python_version < \"3.10\""}
installer = ">=0.7.0,<0.8.0"
jsonschema = ">=4.10.0,<5.0.0"
keyring = ">=23.9.0,<24.0.0"
lockfile = ">=0.12.2,<0.13.0"
packaging = ">=20.4"
pexpect = ">=4.7.0,<5.0.0"
pkginfo = ">=1.9.4,<2.0.0"
platformdirs = ">=2.5.2,<3.0.0"
poetry-core = "1.5.2"
poetry-plugin-export = ">=1.3.0,<2.0.0"
pyproject-hooks = ">=1.0.0,<2.0.0"
requests = ">=2.18,<3.0"
requests-toolbelt = ">=0.9.1,<0.11.0"
shellingham = ">=1.5,<2.0"
tomli = {version = ">=2.0.1,<3.0.0", markers = "python_version < \"3.11\""}
tomlkit = ">=0.11.1,<0.11.2 || >0.11.2,<0.11.3 || >0.11.3,<1.0.0"
trove-classifiers = ">=2022.5.19"
urllib3 = ">=1.26.0,<2.0.0"
virtualenv = {version = ">=20.4.3,<20.4.5 || >20.4.5,<20.4.6 || >20.4.6,<21.0.0", markers = "sys_platform != \"win32\" or python_version != \"3.9\""}
xattr = {version = ">=0.10.0,<0.11.0", markers = "sys_platform == \"darwin\""}

[[package]]
name = "poetry"
version = "1.4.2"
description = "Python dependency management and packaging made easy."
category = "dev"
optional = false
python-versions = ">=3.7,<4.0"

[package.dependencies]
build = ">=0.10.0,<0.11.0"
cachecontrol = {version = ">=0.12.9,<0.13.0", extras = ["filecache"]}
cleo = ">=2.0.0,<3.0.0"
crashtest = ">=0.4.1,<0.5.0"
dulwich = ">=0.21.2,<0.22.0"
filelock = ">=3.8.0,<4.0.0"
html5lib = ">=1.0,<2.0"
importlib-metadata = {version = ">=4.4", markers = "python_version < \"3.10\""}
installer = ">=0.7.0,<0.8.0"
jsonschema = ">=4.10.0,<5.0.0"
keyring = ">=23.9.0,<24.0.0"
lockfile = ">=0.12.2,<0.13.0"
packaging = ">=20.4"
pexpect = ">=4.7.0,<5.0.0"
pkginfo = ">=1.9.4,<2.0.0"
platformdirs = ">=2.5.2,<3.0.0"
poetry-core = "1.5.2"
poetry-plugin-export = ">=1.3.0,<2.0.0"
pyproject-hooks = ">=1.0.0,<2.0.0"
requests = ">=2.18,<3.0"
requests-toolbelt = ">=0.9.1,<0.11.0"
shellingham = ">=1.5,<2.0"
tomli = {version = ">=2.0.1,<3.0.0", markers = "python_version < \"3.11\""}
tomlkit = ">=0.11.1,<0.11.2 || >0.11.2,<0.11.3 || >0.11.3,<1.0.0"
trove-classifiers = ">=2022.5.19"
urllib3 = ">=1.26.0,<2.0.0"
virtualenv = [
    {version = ">=20.4.3,<20.4.5 || >20.4.5,<20.4.6 || >20.4.6,<21.0.0", markers = "sys_platform != \"win32\" or python_version != \"3.9\""},
    {version = "<20.16.6", markers = "sys_platform == \"win32\" and python_version == \"3.9\""},
]
xattr = {version = ">=0.10.0,<0.11.0", markers = "sys_platform == \"darwin\""}

[[package]]
name = "poetry-core"
version = "1.5.2"
description = "Poetry PEP 517 Build Backend"
category = "dev"
optional = false
python-versions = ">=3.7,<4.0"

[[package]]
name = "poetry-plugin-export"
version = "1.3.1"
description = "Poetry plugin to export the dependencies to various formats"
category = "dev"
optional = false
python-versions = ">=3.7,<4.0"

[package.dependencies]
poetry = ">=1.3.0,<2.0.0"
poetry-core = ">=1.3.0,<2.0.0"

[[package]]
name = "ptyprocess"
version = "0.7.0"
description = "Run a subprocess in a pseudo terminal"
category = "dev"
optional = false
python-versions = "*"

[[package]]
name = "py"
version = "1.11.0"
description = "library with cross-python path, ini-parsing, io, code, log facilities"
category = "dev"
optional = false
python-versions = ">=2.7, !=3.0.*, !=3.1.*, !=3.2.*, !=3.3.*, !=3.4.*"

[[package]]
name = "pycodestyle"
version = "2.7.0"
description = "Python style guide checker"
category = "dev"
optional = false
python-versions = ">=2.7, !=3.0.*, !=3.1.*, !=3.2.*, !=3.3.*"

[[package]]
name = "pycparser"
version = "2.22"
description = "C parser in Python"
category = "dev"
optional = false
python-versions = ">=3.8"

[[package]]
name = "pyflakes"
version = "2.3.1"
description = "passive checker of Python programs"
category = "dev"
optional = false
python-versions = ">=2.7, !=3.0.*, !=3.1.*, !=3.2.*, !=3.3.*"

[[package]]
name = "pylint"
version = "2.17.7"
description = "python code static checker"
category = "dev"
optional = false
python-versions = ">=3.7.2"

[package.dependencies]
astroid = ">=2.15.8,<=2.17.0-dev0"
colorama = {version = ">=0.4.5", markers = "sys_platform == \"win32\""}
dill = [
    {version = ">=0.2", markers = "python_version < \"3.11\""},
    {version = ">=0.3.6", markers = "python_version >= \"3.11\""},
]
isort = ">=4.2.5,<6"
mccabe = ">=0.6,<0.8"
platformdirs = ">=2.2.0"
tomli = {version = ">=1.1.0", markers = "python_version < \"3.11\""}
tomlkit = ">=0.10.1"
typing-extensions = {version = ">=3.10.0", markers = "python_version < \"3.10\""}

[package.extras]
spelling = ["pyenchant (>=3.2,<4.0)"]
testutils = ["gitpython (>3)"]

[[package]]
name = "pyproject-hooks"
version = "1.0.0"
description = "Wrappers to call pyproject.toml-based build backend hooks."
category = "dev"
optional = false
python-versions = ">=3.7"

[package.dependencies]
tomli = {version = ">=1.1.0", markers = "python_version < \"3.11\""}

[[package]]
name = "pytest"
version = "7.4.4"
description = "pytest: simple powerful testing with Python"
category = "dev"
optional = false
python-versions = ">=3.7"

[package.dependencies]
colorama = {version = "*", markers = "sys_platform == \"win32\""}
exceptiongroup = {version = ">=1.0.0rc8", markers = "python_version < \"3.11\""}
iniconfig = "*"
packaging = "*"
pluggy = ">=0.12,<2.0"
tomli = {version = ">=1.0.0", markers = "python_version < \"3.11\""}

[package.extras]
testing = ["argcomplete", "attrs (>=19.2.0)", "hypothesis (>=3.56)", "mock", "nose", "pygments (>=2.7.2)", "requests", "setuptools", "xmlschema"]

[[package]]
name = "pywin32-ctypes"
version = "0.2.2"
description = "A (partial) reimplementation of pywin32 using ctypes/cffi"
category = "dev"
optional = false
python-versions = ">=3.6"

[[package]]
name = "rapidfuzz"
version = "3.8.1"
description = "rapid fuzzy string matching"
category = "dev"
optional = false
python-versions = ">=3.8"

[package.extras]
full = ["numpy"]

[[package]]
name = "referencing"
version = "0.34.0"
description = "JSON Referencing + Python"
category = "dev"
optional = false
python-versions = ">=3.8"

[package.dependencies]
attrs = ">=22.2.0"
rpds-py = ">=0.7.0"

[[package]]
name = "requests"
version = "2.31.0"
description = "Python HTTP for Humans."
category = "dev"
optional = false
python-versions = ">=3.7"

[package.dependencies]
certifi = ">=2017.4.17"
charset-normalizer = ">=2,<4"
idna = ">=2.5,<4"
urllib3 = ">=1.21.1,<3"

[package.extras]
socks = ["PySocks (>=1.5.6,!=1.5.7)"]
use_chardet_on_py3 = ["chardet (>=3.0.2,<6)"]

[[package]]
name = "requests-toolbelt"
version = "0.10.1"
description = "A utility belt for advanced users of python-requests"
category = "dev"
optional = false
python-versions = ">=2.7, !=3.0.*, !=3.1.*, !=3.2.*, !=3.3.*"

[package.dependencies]
requests = ">=2.0.1,<3.0.0"

[[package]]
name = "rpds-py"
version = "0.18.0"
description = "Python bindings to Rust's persistent data structures (rpds)"
category = "dev"
optional = false
python-versions = ">=3.8"

[[package]]
name = "secretstorage"
version = "3.3.3"
description = "Python bindings to FreeDesktop.org Secret Service API"
category = "dev"
optional = false
python-versions = ">=3.6"

[package.dependencies]
cryptography = ">=2.0"
jeepney = ">=0.6"

[[package]]
name = "shellingham"
version = "1.5.4"
description = "Tool to Detect Surrounding Shell"
category = "dev"
optional = false
python-versions = ">=3.7"

[[package]]
name = "six"
version = "1.16.0"
description = "Python 2 and 3 compatibility utilities"
category = "dev"
optional = false
python-versions = ">=2.7, !=3.0.*, !=3.1.*, !=3.2.*"

[[package]]
name = "tomli"
version = "2.0.1"
description = "A lil' TOML parser"
category = "dev"
optional = false
python-versions = ">=3.7"

[[package]]
name = "tomlkit"
version = "0.12.4"
description = "Style preserving TOML library"
category = "dev"
optional = false
python-versions = ">=3.7"

[[package]]
name = "tox"
version = "3.28.0"
description = "tox is a generic virtualenv management and test command line tool"
category = "dev"
optional = false
python-versions = "!=3.0.*,!=3.1.*,!=3.2.*,!=3.3.*,!=3.4.*,>=2.7"

[package.dependencies]
colorama = {version = ">=0.4.1", markers = "platform_system == \"Windows\""}
filelock = ">=3.0.0"
packaging = ">=14"
pluggy = ">=0.12.0"
py = ">=1.4.17"
six = ">=1.14.0"
tomli = {version = ">=2.0.1", markers = "python_version >= \"3.7\" and python_version < \"3.11\""}
virtualenv = ">=16.0.0,<20.0.0 || >20.0.0,<20.0.1 || >20.0.1,<20.0.2 || >20.0.2,<20.0.3 || >20.0.3,<20.0.4 || >20.0.4,<20.0.5 || >20.0.5,<20.0.6 || >20.0.6,<20.0.7 || >20.0.7"

[package.extras]
docs = ["pygments-github-lexers (>=0.0.5)", "sphinx (>=2.0.0)", "sphinxcontrib-autoprogram (>=0.1.5)", "towncrier (>=18.5.0)"]
testing = ["flaky (>=3.4.0)", "freezegun (>=0.3.11)", "pytest (>=4.0.0)", "pytest-cov (>=2.5.1)", "pytest-mock (>=1.10.0)", "pytest-randomly (>=1.0.0)", "psutil (>=5.6.1)", "pathlib2 (>=2.3.3)"]

[[package]]
name = "tox-poetry-installer"
version = "0.10.3"
description = "A plugin for Tox that lets you install test environment dependencies from the Poetry lockfile"
category = "dev"
optional = false
python-versions = ">=3.7,<4.0"

[package.dependencies]
cleo = {version = ">=1.0,<3.0", optional = true, markers = "extra == \"poetry\""}
poetry = {version = ">=1.2.0,<1.5.0", optional = true, markers = "extra == \"poetry\""}
poetry-core = ">=1.1.0,<2.0.0"
tox = ">=3.8.0,<4.0.0"

[package.extras]
poetry = ["cleo (>=1.0,<3.0)", "poetry (>=1.2.0,<1.5.0)"]

[[package]]
name = "trove-classifiers"
version = "2024.3.25"
description = "Canonical source for classifiers on PyPI (pypi.org)."
category = "dev"
optional = false
python-versions = "*"

[[package]]
name = "typing-extensions"
version = "4.11.0"
description = "Backported and Experimental Type Hints for Python 3.8+"
category = "dev"
optional = false
python-versions = ">=3.8"

[[package]]
name = "urllib3"
version = "1.26.18"
description = "HTTP library with thread-safe connection pooling, file post, and more."
category = "dev"
optional = false
python-versions = ">=2.7, !=3.0.*, !=3.1.*, !=3.2.*, !=3.3.*, !=3.4.*, !=3.5.*"

[package.extras]
brotli = ["brotlicffi (>=0.8.0)", "brotli (==1.0.9)", "brotlipy (>=0.6.0)", "brotli (>=1.0.9)"]
secure = ["pyOpenSSL (>=0.14)", "cryptography (>=1.3.4)", "idna (>=2.0.0)", "certifi", "urllib3-secure-extra", "ipaddress"]
socks = ["PySocks (>=1.5.6,!=1.5.7,<2.0)"]

[[package]]
name = "virtualenv"
version = "20.16.5"
description = "Virtual Python Environment builder"
category = "dev"
optional = false
python-versions = ">=3.6"

[package.dependencies]
distlib = ">=0.3.5,<1"
filelock = ">=3.4.1,<4"
platformdirs = ">=2.4,<3"

[package.extras]
docs = ["proselint (>=0.13)", "sphinx (>=5.1.1)", "sphinx-argparse (>=0.3.1)", "sphinx-rtd-theme (>=1)", "towncrier (>=21.9)"]
testing = ["coverage (>=6.2)", "coverage-enable-subprocess (>=1)", "flaky (>=3.7)", "packaging (>=21.3)", "pytest (>=7.0.1)", "pytest-env (>=0.6.2)", "pytest-freezegun (>=0.4.2)", "pytest-mock (>=3.6.1)", "pytest-randomly (>=3.10.3)", "pytest-timeout (>=2.1)"]

[[package]]
name = "virtualenv"
version = "20.21.1"
description = "Virtual Python Environment builder"
category = "dev"
optional = false
python-versions = ">=3.7"

[package.dependencies]
distlib = ">=0.3.6,<1"
filelock = ">=3.4.1,<4"
platformdirs = ">=2.4,<4"

[package.extras]
docs = ["furo (>=2023.3.27)", "proselint (>=0.13)", "sphinx-argparse (>=0.4)", "sphinx (>=6.1.3)", "sphinxcontrib-towncrier (>=0.2.1a0)", "towncrier (>=22.12)"]
test = ["covdefaults (>=2.3)", "coverage-enable-subprocess (>=1)", "coverage (>=7.2.3)", "flaky (>=3.7)", "packaging (>=23.1)", "pytest-env (>=0.8.1)", "pytest-freezegun (>=0.4.2)", "pytest-mock (>=3.10)", "pytest-randomly (>=3.12)", "pytest-timeout (>=2.1)", "pytest (>=7.3.1)"]

[[package]]
name = "webencodings"
version = "0.5.1"
description = "Character encoding aliases for legacy web content"
category = "dev"
optional = false
python-versions = "*"

[[package]]
name = "wrapt"
version = "1.16.0"
description = "Module for decorators, wrappers and monkey patching."
category = "dev"
optional = false
python-versions = ">=3.6"

[[package]]
name = "xattr"
version = "0.10.1"
description = "Python wrapper for extended filesystem attributes"
category = "dev"
optional = false
python-versions = "*"

[package.dependencies]
cffi = ">=1.0"

[[package]]
name = "zipp"
version = "3.18.1"
description = "Backport of pathlib-compatible object wrapper for zip files"
category = "dev"
optional = false
python-versions = ">=3.8"

[package.extras]
docs = ["sphinx (>=3.5)", "jaraco.packaging (>=9.3)", "rst.linker (>=1.9)", "furo", "sphinx-lint", "jaraco.tidelift (>=1.4)"]
testing = ["pytest (>=6)", "pytest-checkdocs (>=2.4)", "pytest-cov", "pytest-enabler (>=2.2)", "pytest-ruff (>=0.2.1)", "jaraco.itertools", "jaraco.functools", "more-itertools", "big-o", "pytest-ignore-flaky", "pytest-mypy"]

[metadata]
lock-version = "1.1"
python-versions = "^3.9"
content-hash = "65f7e2aee0840d0ad7c54621c6f729d723ab438bf25551f8297e7c08aa5b2290"

[metadata.files]
astroid = []
attrs = []
black = []
build = []
cachecontrol = []
certifi = []
cffi = []
charset-normalizer = []
cleo = []
click = []
colorama = []
crashtest = []
cryptography = []
dill = []
distlib = []
dulwich = []
exceptiongroup = []
filelock = []
flake8 = []
html5lib = []
idna = []
importlib-metadata = []
iniconfig = []
installer = []
isort = []
"jaraco.classes" = []
jeepney = []
jsonschema = []
jsonschema-specifications = []
keyring = []
lazy-object-proxy = []
lockfile = []
mccabe = []
more-itertools = []
msgpack = []
mypy-extensions = []
packaging = []
pathspec = []
pexpect = []
pkginfo = []
platformdirs = []
pluggy = []
poetry = []
poetry-core = []
poetry-plugin-export = []
ptyprocess = []
py = []
pycodestyle = []
pycparser = []
pyflakes = []
pylint = []
pyproject-hooks = []
pytest = []
pywin32-ctypes = []
rapidfuzz = []
referencing = []
requests = []
requests-toolbelt = []
rpds-py = []
secretstorage = []
shellingham = []
six = []
tomli = []
tomlkit = []
tox = []
tox-poetry-installer = []
trove-classifiers = []
typing-extensions = []
urllib3 = []
virtualenv = []
webencodings = []
wrapt = []
xattr = []
zipp = []
